
Microsoft Visual Studio Solution File, Format Version 12.00
# Visual Studio Version 17
VisualStudioVersion = 17.1.31911.260
MinimumVisualStudioVersion = 10.0.40219.1
Project("{FAE04EC0-301F-11D3-BF4B-00C04F79EFBC}") = "Ef code First UI practice", "Ef code First UI practice\Ef code First UI practice.csproj", "{68D872E3-EB92-4424-AE93-527045429370}"
EndProject
Global
	GlobalSection(SolutionConfigurationPlatforms) = preSolution
		Debug|Any CPU = Debug|Any CPU
		Release|Any CPU = Release|Any CPU
	EndGlobalSection
	GlobalSection(ProjectConfigurationPlatforms) = postSolution
		{68D872E3-EB92-4424-AE93-527045429370}.Debug|Any CPU.ActiveCfg = Debug|Any CPU
		{68D872E3-EB92-4424-AE93-527045429370}.Debug|Any CPU.Build.0 = Debug|Any CPU
		{68D872E3-EB92-4424-AE93-527045429370}.Release|Any CPU.ActiveCfg = Release|Any CPU
		{68D872E3-EB92-4424-AE93-527045429370}.Release|Any CPU.Build.0 = Release|Any CPU
	EndGlobalSection
	GlobalSection(SolutionProperties) = preSolution
		HideSolutionNode = FALSE
	EndGlobalSection
	GlobalSection(ExtensibilityGlobals) = postSolution
		SolutionGuid = {A4E30F2F-5F7D-4BB2-B2C3-32FDC0DC123C}
	EndGlobalSection
EndGlobal
