
Microsoft Visual Studio Solution File, Format Version 12.00
# Visual Studio Version 17
VisualStudioVersion = 17.1.31911.260
MinimumVisualStudioVersion = 10.0.40219.1
Project("{FAE04EC0-301F-11D3-BF4B-00C04F79EFBC}") = "TeamsApp", "TeamsApp\TeamsApp.csproj", "{C29594DA-327F-4F26-A6ED-90DD57C52724}"
EndProject
Global
	GlobalSection(SolutionConfigurationPlatforms) = preSolution
		Debug|Any CPU = Debug|Any CPU
		Release|Any CPU = Release|Any CPU
	EndGlobalSection
	GlobalSection(ProjectConfigurationPlatforms) = postSolution
		{C29594DA-327F-4F26-A6ED-90DD57C52724}.Debug|Any CPU.ActiveCfg = Debug|Any CPU
		{C29594DA-327F-4F26-A6ED-90DD57C52724}.Debug|Any CPU.Build.0 = Debug|Any CPU
		{C29594DA-327F-4F26-A6ED-90DD57C52724}.Release|Any CPU.ActiveCfg = Release|Any CPU
		{C29594DA-327F-4F26-A6ED-90DD57C52724}.Release|Any CPU.Build.0 = Release|Any CPU
	EndGlobalSection
	GlobalSection(SolutionProperties) = preSolution
		HideSolutionNode = FALSE
	EndGlobalSection
	GlobalSection(ExtensibilityGlobals) = postSolution
		SolutionGuid = {EC32D173-67E8-45F9-A73A-08946EF0C1B3}
	EndGlobalSection
EndGlobal
